
Microsoft Visual Studio Solution File, Format Version 12.00
# Visual Studio Version 16
VisualStudioVersion = 16.0.31624.102
MinimumVisualStudioVersion = 10.0.40219.1
Project("{FAE04EC0-301F-11D3-BF4B-00C04F79EFBC}") = "WA_FigureBSZ", "WA_FigureBSZ\WA_FigureBSZ.csproj", "{724B48A5-31D7-422D-8211-52BA5FF99156}"
EndProject
Global
	GlobalSection(SolutionConfigurationPlatforms) = preSolution
		Debug|Any CPU = Debug|Any CPU
		Release|Any CPU = Release|Any CPU
	EndGlobalSection
	GlobalSection(ProjectConfigurationPlatforms) = postSolution
		{724B48A5-31D7-422D-8211-52BA5FF99156}.Debug|Any CPU.ActiveCfg = Debug|Any CPU
		{724B48A5-31D7-422D-8211-52BA5FF99156}.Debug|Any CPU.Build.0 = Debug|Any CPU
		{724B48A5-31D7-422D-8211-52BA5FF99156}.Release|Any CPU.ActiveCfg = Release|Any CPU
		{724B48A5-31D7-422D-8211-52BA5FF99156}.Release|Any CPU.Build.0 = Release|Any CPU
	EndGlobalSection
	GlobalSection(SolutionProperties) = preSolution
		HideSolutionNode = FALSE
	EndGlobalSection
	GlobalSection(ExtensibilityGlobals) = postSolution
		SolutionGuid = {B3EB54AB-50E4-4C06-BD4A-B7235E4AD298}
	EndGlobalSection
EndGlobal
